
Microsoft Visual Studio Solution File, Format Version 12.00
# Visual Studio 2012
Project("{FAE04EC0-301F-11D3-BF4B-00C04F79EFBC}") = "XamarinCommons", "XamarinCommons\XamarinCommons.csproj", "{AC148C9F-2849-4010-B865-7CC966774F56}"
EndProject
Project("{FAE04EC0-301F-11D3-BF4B-00C04F79EFBC}") = "XamarinCommonsTests", "XamarinCommonsTests\XamarinCommonsTests.csproj", "{DE049A71-3FE3-42F4-AFE3-EF27EF71D48A}"
EndProject
Global
	GlobalSection(SolutionConfigurationPlatforms) = preSolution
		Debug|Any CPU = Debug|Any CPU
		Release|Any CPU = Release|Any CPU
	EndGlobalSection
	GlobalSection(ProjectConfigurationPlatforms) = postSolution
		{AC148C9F-2849-4010-B865-7CC966774F56}.Debug|Any CPU.ActiveCfg = Debug|Any CPU
		{AC148C9F-2849-4010-B865-7CC966774F56}.Debug|Any CPU.Build.0 = Debug|Any CPU
		{AC148C9F-2849-4010-B865-7CC966774F56}.Release|Any CPU.ActiveCfg = Release|Any CPU
		{AC148C9F-2849-4010-B865-7CC966774F56}.Release|Any CPU.Build.0 = Release|Any CPU
		{DE049A71-3FE3-42F4-AFE3-EF27EF71D48A}.Debug|Any CPU.ActiveCfg = Debug|Any CPU
		{DE049A71-3FE3-42F4-AFE3-EF27EF71D48A}.Debug|Any CPU.Build.0 = Debug|Any CPU
		{DE049A71-3FE3-42F4-AFE3-EF27EF71D48A}.Release|Any CPU.ActiveCfg = Release|Any CPU
		{DE049A71-3FE3-42F4-AFE3-EF27EF71D48A}.Release|Any CPU.Build.0 = Release|Any CPU
	EndGlobalSection
	GlobalSection(MonoDevelopProperties) = preSolution
		StartupItem = XamarinCommons\XamarinCommons.csproj
	EndGlobalSection
EndGlobal
